// !$*UTF8*$!
{
	archiveVersion = 1;
	classes = {
	};
	objectVersion = 55;
	objects = {

/* Begin PBXBuildFile section */
		23D5A71EE83CB88FC89647E8 /* Pods_hanzidraw__iOS_.framework in Frameworks */ = {isa = PBXBuildFile; fileRef = FB754A11B896C86CEC56FF26 /* Pods_hanzidraw__iOS_.framework */; };
		2B342AF85706F5B0686D33C7 /* Pods_hanzidraw__macOS_.framework in Frameworks */ = {isa = PBXBuildFile; fileRef = 00F2706BD664FBD42AAC9715 /* Pods_hanzidraw__macOS_.framework */; };
		9532E2AB27A9DA94007C7960 /* BottomSheet in Frameworks */ = {isa = PBXBuildFile; productRef = 9532E2AA27A9DA94007C7960 /* BottomSheet */; };
		9532E2AD27AB329A007C7960 /* HistoryView.swift in Sources */ = {isa = PBXBuildFile; fileRef = 9532E2AC27AB329A007C7960 /* HistoryView.swift */; };
		9532E2AE27AB329A007C7960 /* HistoryView.swift in Sources */ = {isa = PBXBuildFile; fileRef = 9532E2AC27AB329A007C7960 /* HistoryView.swift */; };
		9577582627A57C440099C271 /* DeckDetailView.swift in Sources */ = {isa = PBXBuildFile; fileRef = 9577582527A57C440099C271 /* DeckDetailView.swift */; };
		9577582727A57C440099C271 /* DeckDetailView.swift in Sources */ = {isa = PBXBuildFile; fileRef = 9577582527A57C440099C271 /* DeckDetailView.swift */; };
		9577582927A5812C0099C271 /* History.swift in Sources */ = {isa = PBXBuildFile; fileRef = 9577582827A5812C0099C271 /* History.swift */; };
		9577582A27A5812C0099C271 /* History.swift in Sources */ = {isa = PBXBuildFile; fileRef = 9577582827A5812C0099C271 /* History.swift */; };
		9577582C27A5AA580099C271 /* DeckStore.swift in Sources */ = {isa = PBXBuildFile; fileRef = 9577582B27A5AA580099C271 /* DeckStore.swift */; };
		9577582D27A5AA580099C271 /* DeckStore.swift in Sources */ = {isa = PBXBuildFile; fileRef = 9577582B27A5AA580099C271 /* DeckStore.swift */; };
		9578859627E5D6BA00E3F559 /* BuyFeatureView.swift in Sources */ = {isa = PBXBuildFile; fileRef = 9578859527E5D6BA00E3F559 /* BuyFeatureView.swift */; };
		9578859727E5D6BA00E3F559 /* BuyFeatureView.swift in Sources */ = {isa = PBXBuildFile; fileRef = 9578859527E5D6BA00E3F559 /* BuyFeatureView.swift */; };
		9578859A27E62A2900E3F559 /* ConfettiSwiftUI in Frameworks */ = {isa = PBXBuildFile; productRef = 9578859927E62A2900E3F559 /* ConfettiSwiftUI */; };
		9578859C27E649E400E3F559 /* FlipView.swift in Sources */ = {isa = PBXBuildFile; fileRef = 9578859B27E649E400E3F559 /* FlipView.swift */; };
		9578859D27E649E400E3F559 /* FlipView.swift in Sources */ = {isa = PBXBuildFile; fileRef = 9578859B27E649E400E3F559 /* FlipView.swift */; };
		957D25102789B22600029D6C /* Localizable.strings in Resources */ = {isa = PBXBuildFile; fileRef = 957D250E2789B22600029D6C /* Localizable.strings */; };
		957D25112789B22600029D6C /* Localizable.strings in Resources */ = {isa = PBXBuildFile; fileRef = 957D250E2789B22600029D6C /* Localizable.strings */; };
		957D25142789B49500029D6C /* SplashScreenView.swift in Sources */ = {isa = PBXBuildFile; fileRef = 957D25132789B49500029D6C /* SplashScreenView.swift */; };
		957D25152789B49500029D6C /* SplashScreenView.swift in Sources */ = {isa = PBXBuildFile; fileRef = 957D25132789B49500029D6C /* SplashScreenView.swift */; };
		957D25172789C02F00029D6C /* DeckView.swift in Sources */ = {isa = PBXBuildFile; fileRef = 957D25162789C02F00029D6C /* DeckView.swift */; };
		957D25182789C02F00029D6C /* DeckView.swift in Sources */ = {isa = PBXBuildFile; fileRef = 957D25162789C02F00029D6C /* DeckView.swift */; };
		957D251A2789C4DA00029D6C /* PracticeView.swift in Sources */ = {isa = PBXBuildFile; fileRef = 957D25192789C4DA00029D6C /* PracticeView.swift */; };
		957D251B2789C4DA00029D6C /* PracticeView.swift in Sources */ = {isa = PBXBuildFile; fileRef = 957D25192789C4DA00029D6C /* PracticeView.swift */; };
		957D25212789C67100029D6C /* Theme.swift in Sources */ = {isa = PBXBuildFile; fileRef = 957D25202789C67100029D6C /* Theme.swift */; };
		957D25222789C67100029D6C /* Theme.swift in Sources */ = {isa = PBXBuildFile; fileRef = 957D25202789C67100029D6C /* Theme.swift */; };
		957D25242789C6D100029D6C /* Deck.swift in Sources */ = {isa = PBXBuildFile; fileRef = 957D25232789C6D100029D6C /* Deck.swift */; };
		957D25252789C6D100029D6C /* Deck.swift in Sources */ = {isa = PBXBuildFile; fileRef = 957D25232789C6D100029D6C /* Deck.swift */; };
		957D2527278AF1CE00029D6C /* DrawingPadView.swift in Sources */ = {isa = PBXBuildFile; fileRef = 957D2526278AF1CE00029D6C /* DrawingPadView.swift */; };
		957D2528278AF1CE00029D6C /* DrawingPadView.swift in Sources */ = {isa = PBXBuildFile; fileRef = 957D2526278AF1CE00029D6C /* DrawingPadView.swift */; };
		957D252A278AF1F900029D6C /* Stroke.swift in Sources */ = {isa = PBXBuildFile; fileRef = 957D2529278AF1F900029D6C /* Stroke.swift */; };
		957D252B278AF1F900029D6C /* Stroke.swift in Sources */ = {isa = PBXBuildFile; fileRef = 957D2529278AF1F900029D6C /* Stroke.swift */; };
		957D252E278B162900029D6C /* CachedAsyncImage in Frameworks */ = {isa = PBXBuildFile; productRef = 957D252D278B162900029D6C /* CachedAsyncImage */; };
		957D2530278B998B00029D6C /* QuizButtonView.swift in Sources */ = {isa = PBXBuildFile; fileRef = 957D252F278B998B00029D6C /* QuizButtonView.swift */; };
		957D2531278B998B00029D6C /* QuizButtonView.swift in Sources */ = {isa = PBXBuildFile; fileRef = 957D252F278B998B00029D6C /* QuizButtonView.swift */; };
		957D2533278F7AC000029D6C /* QuizView.swift in Sources */ = {isa = PBXBuildFile; fileRef = 957D2532278F7AC000029D6C /* QuizView.swift */; };
		957D2534278F7AC000029D6C /* QuizView.swift in Sources */ = {isa = PBXBuildFile; fileRef = 957D2532278F7AC000029D6C /* QuizView.swift */; };
		957D2536278F7D6300029D6C /* DrawingControlsView.swift in Sources */ = {isa = PBXBuildFile; fileRef = 957D2535278F7D6300029D6C /* DrawingControlsView.swift */; };
		957D2537278F7D6300029D6C /* DrawingControlsView.swift in Sources */ = {isa = PBXBuildFile; fileRef = 957D2535278F7D6300029D6C /* DrawingControlsView.swift */; };
		957D253A27941AE500029D6C /* Api.swift in Sources */ = {isa = PBXBuildFile; fileRef = 957D253927941AE500029D6C /* Api.swift */; };
		957D253B27941AE500029D6C /* Api.swift in Sources */ = {isa = PBXBuildFile; fileRef = 957D253927941AE500029D6C /* Api.swift */; };
		957D25412794B32100029D6C /* Alamofire in Frameworks */ = {isa = PBXBuildFile; productRef = 957D25402794B32100029D6C /* Alamofire */; };
		957D254427976ED000029D6C /* ValidationRequest.swift in Sources */ = {isa = PBXBuildFile; fileRef = 957D254327976ED000029D6C /* ValidationRequest.swift */; };
		957D254527976ED000029D6C /* ValidationRequest.swift in Sources */ = {isa = PBXBuildFile; fileRef = 957D254327976ED000029D6C /* ValidationRequest.swift */; };
		957D254A279A0A1A00029D6C /* BottomSheetResultView.swift in Sources */ = {isa = PBXBuildFile; fileRef = 957D2549279A0A1A00029D6C /* BottomSheetResultView.swift */; };
		957D254B279A0A1A00029D6C /* BottomSheetResultView.swift in Sources */ = {isa = PBXBuildFile; fileRef = 957D2549279A0A1A00029D6C /* BottomSheetResultView.swift */; };
		957D254E279AB12600029D6C /* ResultProgressBarStyle.swift in Sources */ = {isa = PBXBuildFile; fileRef = 957D254D279AB12600029D6C /* ResultProgressBarStyle.swift */; };
		957D254F279AB12600029D6C /* ResultProgressBarStyle.swift in Sources */ = {isa = PBXBuildFile; fileRef = 957D254D279AB12600029D6C /* ResultProgressBarStyle.swift */; };
		957D2553279C48B200029D6C /* ViewForeground.swift in Sources */ = {isa = PBXBuildFile; fileRef = 957D2552279C48B200029D6C /* ViewForeground.swift */; };
		957D2554279C48B200029D6C /* ViewForeground.swift in Sources */ = {isa = PBXBuildFile; fileRef = 957D2552279C48B200029D6C /* ViewForeground.swift */; };
		957D2559279C559300029D6C /* HanziRequest.swift in Sources */ = {isa = PBXBuildFile; fileRef = 957D2558279C559300029D6C /* HanziRequest.swift */; };
		957D255A279C559300029D6C /* HanziRequest.swift in Sources */ = {isa = PBXBuildFile; fileRef = 957D2558279C559300029D6C /* HanziRequest.swift */; };
		957D2560279D6BE000029D6C /* AdsManager.swift in Sources */ = {isa = PBXBuildFile; fileRef = 957D255F279D6BE000029D6C /* AdsManager.swift */; };
		957D2561279D6BE000029D6C /* AdsManager.swift in Sources */ = {isa = PBXBuildFile; fileRef = 957D255F279D6BE000029D6C /* AdsManager.swift */; };
		957D2563279DEE2F00029D6C /* FillUpPinyin.swift in Sources */ = {isa = PBXBuildFile; fileRef = 957D2562279DEE2E00029D6C /* FillUpPinyin.swift */; };
		957D2564279DEE2F00029D6C /* FillUpPinyin.swift in Sources */ = {isa = PBXBuildFile; fileRef = 957D2562279DEE2E00029D6C /* FillUpPinyin.swift */; };
		957F2701279E037900DFA8FF /* ViewDidLoadModifier.swift in Sources */ = {isa = PBXBuildFile; fileRef = 957F2700279E037900DFA8FF /* ViewDidLoadModifier.swift */; };
		957F2702279E037900DFA8FF /* ViewDidLoadModifier.swift in Sources */ = {isa = PBXBuildFile; fileRef = 957F2700279E037900DFA8FF /* ViewDidLoadModifier.swift */; };
		957F270527A09DA500DFA8FF /* ErrorWrapper.swift in Sources */ = {isa = PBXBuildFile; fileRef = 957F270427A09DA500DFA8FF /* ErrorWrapper.swift */; };
		957F270627A09DA500DFA8FF /* ErrorWrapper.swift in Sources */ = {isa = PBXBuildFile; fileRef = 957F270427A09DA500DFA8FF /* ErrorWrapper.swift */; };
		957F270827A09DC900DFA8FF /* ErrorView.swift in Sources */ = {isa = PBXBuildFile; fileRef = 957F270727A09DC900DFA8FF /* ErrorView.swift */; };
		957F270927A09DC900DFA8FF /* ErrorView.swift in Sources */ = {isa = PBXBuildFile; fileRef = 957F270727A09DC900DFA8FF /* ErrorView.swift */; };
		957F270B27A305A700DFA8FF /* DeckEditView.swift in Sources */ = {isa = PBXBuildFile; fileRef = 957F270A27A305A700DFA8FF /* DeckEditView.swift */; };
		957F270C27A305A700DFA8FF /* DeckEditView.swift in Sources */ = {isa = PBXBuildFile; fileRef = 957F270A27A305A700DFA8FF /* DeckEditView.swift */; };
		9581B3B227E3D5160016C25A /* RevenueCat in Frameworks */ = {isa = PBXBuildFile; productRef = 9581B3B127E3D5160016C25A /* RevenueCat */; };
		9581B3B427E4BF2E0016C25A /* StoreKit.framework in Frameworks */ = {isa = PBXBuildFile; fileRef = 9581B3B327E4BF2E0016C25A /* StoreKit.framework */; };
		9599870D27A4AA7A00862A05 /* ThemePicker.swift in Sources */ = {isa = PBXBuildFile; fileRef = 9599870C27A4AA7A00862A05 /* ThemePicker.swift */; };
		9599870E27A4AA7A00862A05 /* ThemePicker.swift in Sources */ = {isa = PBXBuildFile; fileRef = 9599870C27A4AA7A00862A05 /* ThemePicker.swift */; };
		9599871027A4AAB100862A05 /* ThemeView.swift in Sources */ = {isa = PBXBuildFile; fileRef = 9599870F27A4AAB100862A05 /* ThemeView.swift */; };
		9599871127A4AAB100862A05 /* ThemeView.swift in Sources */ = {isa = PBXBuildFile; fileRef = 9599870F27A4AAB100862A05 /* ThemeView.swift */; };
		95A2105C27B01FB900945948 /* InfoView.swift in Sources */ = {isa = PBXBuildFile; fileRef = 95A2105B27B01FB900945948 /* InfoView.swift */; };
		95A2105D27B01FB900945948 /* InfoView.swift in Sources */ = {isa = PBXBuildFile; fileRef = 95A2105B27B01FB900945948 /* InfoView.swift */; };
		95ACC07B27EE603C007F82AA /* PurchaseWrapper.swift in Sources */ = {isa = PBXBuildFile; fileRef = 95ACC07A27EE603C007F82AA /* PurchaseWrapper.swift */; };
		95ACC07C27EE603C007F82AA /* PurchaseWrapper.swift in Sources */ = {isa = PBXBuildFile; fileRef = 95ACC07A27EE603C007F82AA /* PurchaseWrapper.swift */; };
		95ACC08127F5F770007F82AA /* GoogleService-Info.plist in Resources */ = {isa = PBXBuildFile; fileRef = 95ACC08027F5F770007F82AA /* GoogleService-Info.plist */; };
		95ACC08427F5F8EB007F82AA /* FirebaseAnalytics in Frameworks */ = {isa = PBXBuildFile; productRef = 95ACC08327F5F8EB007F82AA /* FirebaseAnalytics */; };
		95ACC08627F5F8EB007F82AA /* FirebaseAnalyticsWithoutAdIdSupport in Frameworks */ = {isa = PBXBuildFile; productRef = 95ACC08527F5F8EB007F82AA /* FirebaseAnalyticsWithoutAdIdSupport */; };
		95ACC08827F5F8EB007F82AA /* FirebaseCrashlytics in Frameworks */ = {isa = PBXBuildFile; productRef = 95ACC08727F5F8EB007F82AA /* FirebaseCrashlytics */; };
		95AF52BC2783915D00CBACFD /* Tests_iOS.swift in Sources */ = {isa = PBXBuildFile; fileRef = 95AF52BB2783915D00CBACFD /* Tests_iOS.swift */; };
		95AF52BE2783915D00CBACFD /* Tests_iOSLaunchTests.swift in Sources */ = {isa = PBXBuildFile; fileRef = 95AF52BD2783915D00CBACFD /* Tests_iOSLaunchTests.swift */; };
		95AF52C82783915D00CBACFD /* Tests_macOS.swift in Sources */ = {isa = PBXBuildFile; fileRef = 95AF52C72783915D00CBACFD /* Tests_macOS.swift */; };
		95AF52CA2783915D00CBACFD /* Tests_macOSLaunchTests.swift in Sources */ = {isa = PBXBuildFile; fileRef = 95AF52C92783915D00CBACFD /* Tests_macOSLaunchTests.swift */; };
		95AF52CB2783915D00CBACFD /* hanzidrawApp.swift in Sources */ = {isa = PBXBuildFile; fileRef = 95AF52A32783915C00CBACFD /* hanzidrawApp.swift */; };
		95AF52CC2783915D00CBACFD /* hanzidrawApp.swift in Sources */ = {isa = PBXBuildFile; fileRef = 95AF52A32783915C00CBACFD /* hanzidrawApp.swift */; };
		95AF52CD2783915D00CBACFD /* DeckListView.swift in Sources */ = {isa = PBXBuildFile; fileRef = 95AF52A42783915C00CBACFD /* DeckListView.swift */; };
		95AF52CE2783915D00CBACFD /* DeckListView.swift in Sources */ = {isa = PBXBuildFile; fileRef = 95AF52A42783915C00CBACFD /* DeckListView.swift */; };
		95AF52CF2783915D00CBACFD /* Assets.xcassets in Resources */ = {isa = PBXBuildFile; fileRef = 95AF52A52783915D00CBACFD /* Assets.xcassets */; };
		95AF52D02783915D00CBACFD /* Assets.xcassets in Resources */ = {isa = PBXBuildFile; fileRef = 95AF52A52783915D00CBACFD /* Assets.xcassets */; };
/* End PBXBuildFile section */

/* Begin PBXContainerItemProxy section */
		95AF52B82783915D00CBACFD /* PBXContainerItemProxy */ = {
			isa = PBXContainerItemProxy;
			containerPortal = 95AF529E2783915B00CBACFD /* Project object */;
			proxyType = 1;
			remoteGlobalIDString = 95AF52A92783915D00CBACFD;
			remoteInfo = "hanzidraw (iOS)";
		};
		95AF52C42783915D00CBACFD /* PBXContainerItemProxy */ = {
			isa = PBXContainerItemProxy;
			containerPortal = 95AF529E2783915B00CBACFD /* Project object */;
			proxyType = 1;
			remoteGlobalIDString = 95AF52AF2783915D00CBACFD;
			remoteInfo = "hanzidraw (macOS)";
		};
/* End PBXContainerItemProxy section */

/* Begin PBXFileReference section */
		00F2706BD664FBD42AAC9715 /* Pods_hanzidraw__macOS_.framework */ = {isa = PBXFileReference; explicitFileType = wrapper.framework; includeInIndex = 0; path = Pods_hanzidraw__macOS_.framework; sourceTree = BUILT_PRODUCTS_DIR; };
		2BFA891FCABF078E05CC9AEC /* Pods-hanzidraw (macOS).debug.xcconfig */ = {isa = PBXFileReference; includeInIndex = 1; lastKnownFileType = text.xcconfig; name = "Pods-hanzidraw (macOS).debug.xcconfig"; path = "Target Support Files/Pods-hanzidraw (macOS)/Pods-hanzidraw (macOS).debug.xcconfig"; sourceTree = "<group>"; };
		5B37D5DA68253E0318D1557C /* Pods-hanzidraw (iOS).debug.xcconfig */ = {isa = PBXFileReference; includeInIndex = 1; lastKnownFileType = text.xcconfig; name = "Pods-hanzidraw (iOS).debug.xcconfig"; path = "Target Support Files/Pods-hanzidraw (iOS)/Pods-hanzidraw (iOS).debug.xcconfig"; sourceTree = "<group>"; };
		9532E2AC27AB329A007C7960 /* HistoryView.swift */ = {isa = PBXFileReference; lastKnownFileType = sourcecode.swift; path = HistoryView.swift; sourceTree = "<group>"; };
		9577582527A57C440099C271 /* DeckDetailView.swift */ = {isa = PBXFileReference; lastKnownFileType = sourcecode.swift; path = DeckDetailView.swift; sourceTree = "<group>"; };
		9577582827A5812C0099C271 /* History.swift */ = {isa = PBXFileReference; lastKnownFileType = sourcecode.swift; path = History.swift; sourceTree = "<group>"; };
		9577582B27A5AA580099C271 /* DeckStore.swift */ = {isa = PBXFileReference; lastKnownFileType = sourcecode.swift; path = DeckStore.swift; sourceTree = "<group>"; };
		9578859527E5D6BA00E3F559 /* BuyFeatureView.swift */ = {isa = PBXFileReference; lastKnownFileType = sourcecode.swift; path = BuyFeatureView.swift; sourceTree = "<group>"; };
		9578859B27E649E400E3F559 /* FlipView.swift */ = {isa = PBXFileReference; lastKnownFileType = sourcecode.swift; path = FlipView.swift; sourceTree = "<group>"; };
		957D250F2789B22600029D6C /* de */ = {isa = PBXFileReference; lastKnownFileType = text.plist.strings; name = de; path = de.lproj/Localizable.strings; sourceTree = "<group>"; };
		957D25122789B2D400029D6C /* en */ = {isa = PBXFileReference; lastKnownFileType = text.plist.strings; name = en; path = en.lproj/Localizable.strings; sourceTree = "<group>"; };
		957D25132789B49500029D6C /* SplashScreenView.swift */ = {isa = PBXFileReference; lastKnownFileType = sourcecode.swift; path = SplashScreenView.swift; sourceTree = "<group>"; };
		957D25162789C02F00029D6C /* DeckView.swift */ = {isa = PBXFileReference; lastKnownFileType = sourcecode.swift; path = DeckView.swift; sourceTree = "<group>"; };
		957D25192789C4DA00029D6C /* PracticeView.swift */ = {isa = PBXFileReference; lastKnownFileType = sourcecode.swift; path = PracticeView.swift; sourceTree = "<group>"; };
		957D25202789C67100029D6C /* Theme.swift */ = {isa = PBXFileReference; lastKnownFileType = sourcecode.swift; path = Theme.swift; sourceTree = "<group>"; };
		957D25232789C6D100029D6C /* Deck.swift */ = {isa = PBXFileReference; lastKnownFileType = sourcecode.swift; path = Deck.swift; sourceTree = "<group>"; };
		957D2526278AF1CE00029D6C /* DrawingPadView.swift */ = {isa = PBXFileReference; lastKnownFileType = sourcecode.swift; path = DrawingPadView.swift; sourceTree = "<group>"; };
		957D2529278AF1F900029D6C /* Stroke.swift */ = {isa = PBXFileReference; lastKnownFileType = sourcecode.swift; path = Stroke.swift; sourceTree = "<group>"; };
		957D252F278B998B00029D6C /* QuizButtonView.swift */ = {isa = PBXFileReference; lastKnownFileType = sourcecode.swift; path = QuizButtonView.swift; sourceTree = "<group>"; };
		957D2532278F7AC000029D6C /* QuizView.swift */ = {isa = PBXFileReference; lastKnownFileType = sourcecode.swift; path = QuizView.swift; sourceTree = "<group>"; };
		957D2535278F7D6300029D6C /* DrawingControlsView.swift */ = {isa = PBXFileReference; lastKnownFileType = sourcecode.swift; path = DrawingControlsView.swift; sourceTree = "<group>"; };
		957D253927941AE500029D6C /* Api.swift */ = {isa = PBXFileReference; lastKnownFileType = sourcecode.swift; path = Api.swift; sourceTree = "<group>"; };
		957D254327976ED000029D6C /* ValidationRequest.swift */ = {isa = PBXFileReference; lastKnownFileType = sourcecode.swift; path = ValidationRequest.swift; sourceTree = "<group>"; };
		957D2549279A0A1A00029D6C /* BottomSheetResultView.swift */ = {isa = PBXFileReference; lastKnownFileType = sourcecode.swift; path = BottomSheetResultView.swift; sourceTree = "<group>"; };
		957D254D279AB12600029D6C /* ResultProgressBarStyle.swift */ = {isa = PBXFileReference; lastKnownFileType = sourcecode.swift; path = ResultProgressBarStyle.swift; sourceTree = "<group>"; };
		957D2552279C48B200029D6C /* ViewForeground.swift */ = {isa = PBXFileReference; lastKnownFileType = sourcecode.swift; path = ViewForeground.swift; sourceTree = "<group>"; };
		957D2558279C559300029D6C /* HanziRequest.swift */ = {isa = PBXFileReference; lastKnownFileType = sourcecode.swift; path = HanziRequest.swift; sourceTree = "<group>"; };
		957D255B279D5A0700029D6C /* hanzidraw--iOS--Info.plist */ = {isa = PBXFileReference; lastKnownFileType = text.plist; path = "hanzidraw--iOS--Info.plist"; sourceTree = "<group>"; };
		957D255F279D6BE000029D6C /* AdsManager.swift */ = {isa = PBXFileReference; lastKnownFileType = sourcecode.swift; path = AdsManager.swift; sourceTree = "<group>"; };
		957D2562279DEE2E00029D6C /* FillUpPinyin.swift */ = {isa = PBXFileReference; lastKnownFileType = sourcecode.swift; path = FillUpPinyin.swift; sourceTree = "<group>"; };
		957F2700279E037900DFA8FF /* ViewDidLoadModifier.swift */ = {isa = PBXFileReference; lastKnownFileType = sourcecode.swift; path = ViewDidLoadModifier.swift; sourceTree = "<group>"; };
		957F270427A09DA500DFA8FF /* ErrorWrapper.swift */ = {isa = PBXFileReference; lastKnownFileType = sourcecode.swift; path = ErrorWrapper.swift; sourceTree = "<group>"; };
		957F270727A09DC900DFA8FF /* ErrorView.swift */ = {isa = PBXFileReference; lastKnownFileType = sourcecode.swift; path = ErrorView.swift; sourceTree = "<group>"; };
		957F270A27A305A700DFA8FF /* DeckEditView.swift */ = {isa = PBXFileReference; lastKnownFileType = sourcecode.swift; path = DeckEditView.swift; sourceTree = "<group>"; };
		9581B3B327E4BF2E0016C25A /* StoreKit.framework */ = {isa = PBXFileReference; lastKnownFileType = wrapper.framework; name = StoreKit.framework; path = Platforms/iPhoneOS.platform/Developer/SDKs/iPhoneOS15.2.sdk/System/Library/Frameworks/StoreKit.framework; sourceTree = DEVELOPER_DIR; };
		9599870C27A4AA7A00862A05 /* ThemePicker.swift */ = {isa = PBXFileReference; lastKnownFileType = sourcecode.swift; path = ThemePicker.swift; sourceTree = "<group>"; };
		9599870F27A4AAB100862A05 /* ThemeView.swift */ = {isa = PBXFileReference; lastKnownFileType = sourcecode.swift; path = ThemeView.swift; sourceTree = "<group>"; };
		95A2105B27B01FB900945948 /* InfoView.swift */ = {isa = PBXFileReference; lastKnownFileType = sourcecode.swift; path = InfoView.swift; sourceTree = "<group>"; };
		95ACC07527E7AC28007F82AA /* AppTrackingTransparency.framework */ = {isa = PBXFileReference; lastKnownFileType = wrapper.framework; name = AppTrackingTransparency.framework; path = Platforms/iPhoneOS.platform/Developer/SDKs/iPhoneOS15.4.sdk/System/Library/Frameworks/AppTrackingTransparency.framework; sourceTree = DEVELOPER_DIR; };
		95ACC07A27EE603C007F82AA /* PurchaseWrapper.swift */ = {isa = PBXFileReference; lastKnownFileType = sourcecode.swift; path = PurchaseWrapper.swift; sourceTree = "<group>"; };
		95ACC08027F5F770007F82AA /* GoogleService-Info.plist */ = {isa = PBXFileReference; fileEncoding = 4; lastKnownFileType = text.plist.xml; name = "GoogleService-Info.plist"; path = "../../Downloads/GoogleService-Info.plist"; sourceTree = "<group>"; };
		95AF52A32783915C00CBACFD /* hanzidrawApp.swift */ = {isa = PBXFileReference; lastKnownFileType = sourcecode.swift; path = hanzidrawApp.swift; sourceTree = "<group>"; };
		95AF52A42783915C00CBACFD /* DeckListView.swift */ = {isa = PBXFileReference; lastKnownFileType = sourcecode.swift; path = DeckListView.swift; sourceTree = "<group>"; };
		95AF52A52783915D00CBACFD /* Assets.xcassets */ = {isa = PBXFileReference; lastKnownFileType = folder.assetcatalog; path = Assets.xcassets; sourceTree = "<group>"; };
		95AF52AA2783915D00CBACFD /* hanzidraw.app */ = {isa = PBXFileReference; explicitFileType = wrapper.application; includeInIndex = 0; path = hanzidraw.app; sourceTree = BUILT_PRODUCTS_DIR; };
		95AF52B02783915D00CBACFD /* hanzidraw.app */ = {isa = PBXFileReference; explicitFileType = wrapper.application; includeInIndex = 0; path = hanzidraw.app; sourceTree = BUILT_PRODUCTS_DIR; };
		95AF52B22783915D00CBACFD /* macOS.entitlements */ = {isa = PBXFileReference; lastKnownFileType = text.plist.entitlements; path = macOS.entitlements; sourceTree = "<group>"; };
		95AF52B72783915D00CBACFD /* Tests iOS.xctest */ = {isa = PBXFileReference; explicitFileType = wrapper.cfbundle; includeInIndex = 0; path = "Tests iOS.xctest"; sourceTree = BUILT_PRODUCTS_DIR; };
		95AF52BB2783915D00CBACFD /* Tests_iOS.swift */ = {isa = PBXFileReference; lastKnownFileType = sourcecode.swift; path = Tests_iOS.swift; sourceTree = "<group>"; };
		95AF52BD2783915D00CBACFD /* Tests_iOSLaunchTests.swift */ = {isa = PBXFileReference; lastKnownFileType = sourcecode.swift; path = Tests_iOSLaunchTests.swift; sourceTree = "<group>"; };
		95AF52C32783915D00CBACFD /* Tests macOS.xctest */ = {isa = PBXFileReference; explicitFileType = wrapper.cfbundle; includeInIndex = 0; path = "Tests macOS.xctest"; sourceTree = BUILT_PRODUCTS_DIR; };
		95AF52C72783915D00CBACFD /* Tests_macOS.swift */ = {isa = PBXFileReference; lastKnownFileType = sourcecode.swift; path = Tests_macOS.swift; sourceTree = "<group>"; };
		95AF52C92783915D00CBACFD /* Tests_macOSLaunchTests.swift */ = {isa = PBXFileReference; lastKnownFileType = sourcecode.swift; path = Tests_macOSLaunchTests.swift; sourceTree = "<group>"; };
		9C554742E81F709E5B8079F2 /* Pods-hanzidraw (macOS).release.xcconfig */ = {isa = PBXFileReference; includeInIndex = 1; lastKnownFileType = text.xcconfig; name = "Pods-hanzidraw (macOS).release.xcconfig"; path = "Target Support Files/Pods-hanzidraw (macOS)/Pods-hanzidraw (macOS).release.xcconfig"; sourceTree = "<group>"; };
		CF932F18EC3030DCCE162ACD /* Pods-hanzidraw (iOS).release.xcconfig */ = {isa = PBXFileReference; includeInIndex = 1; lastKnownFileType = text.xcconfig; name = "Pods-hanzidraw (iOS).release.xcconfig"; path = "Target Support Files/Pods-hanzidraw (iOS)/Pods-hanzidraw (iOS).release.xcconfig"; sourceTree = "<group>"; };
		FB754A11B896C86CEC56FF26 /* Pods_hanzidraw__iOS_.framework */ = {isa = PBXFileReference; explicitFileType = wrapper.framework; includeInIndex = 0; path = Pods_hanzidraw__iOS_.framework; sourceTree = BUILT_PRODUCTS_DIR; };
/* End PBXFileReference section */

/* Begin PBXFrameworksBuildPhase section */
		95AF52A72783915D00CBACFD /* Frameworks */ = {
			isa = PBXFrameworksBuildPhase;
			buildActionMask = 2147483647;
			files = (
				957D25412794B32100029D6C /* Alamofire in Frameworks */,
				9532E2AB27A9DA94007C7960 /* BottomSheet in Frameworks */,
				95ACC08427F5F8EB007F82AA /* FirebaseAnalytics in Frameworks */,
				9581B3B227E3D5160016C25A /* RevenueCat in Frameworks */,
				9581B3B427E4BF2E0016C25A /* StoreKit.framework in Frameworks */,
				957D252E278B162900029D6C /* CachedAsyncImage in Frameworks */,
				23D5A71EE83CB88FC89647E8 /* Pods_hanzidraw__iOS_.framework in Frameworks */,
				95ACC08827F5F8EB007F82AA /* FirebaseCrashlytics in Frameworks */,
				95ACC08627F5F8EB007F82AA /* FirebaseAnalyticsWithoutAdIdSupport in Frameworks */,
				9578859A27E62A2900E3F559 /* ConfettiSwiftUI in Frameworks */,
			);
			runOnlyForDeploymentPostprocessing = 0;
		};
		95AF52AD2783915D00CBACFD /* Frameworks */ = {
			isa = PBXFrameworksBuildPhase;
			buildActionMask = 2147483647;
			files = (
				2B342AF85706F5B0686D33C7 /* Pods_hanzidraw__macOS_.framework in Frameworks */,
			);
			runOnlyForDeploymentPostprocessing = 0;
		};
		95AF52B42783915D00CBACFD /* Frameworks */ = {
			isa = PBXFrameworksBuildPhase;
			buildActionMask = 2147483647;
			files = (
			);
			runOnlyForDeploymentPostprocessing = 0;
		};
		95AF52C02783915D00CBACFD /* Frameworks */ = {
			isa = PBXFrameworksBuildPhase;
			buildActionMask = 2147483647;
			files = (
			);
			runOnlyForDeploymentPostprocessing = 0;
		};
/* End PBXFrameworksBuildPhase section */

/* Begin PBXGroup section */
		6C05A7383AB36C863F2B6E79 /* Pods */ = {
			isa = PBXGroup;
			children = (
				5B37D5DA68253E0318D1557C /* Pods-hanzidraw (iOS).debug.xcconfig */,
				CF932F18EC3030DCCE162ACD /* Pods-hanzidraw (iOS).release.xcconfig */,
				2BFA891FCABF078E05CC9AEC /* Pods-hanzidraw (macOS).debug.xcconfig */,
				9C554742E81F709E5B8079F2 /* Pods-hanzidraw (macOS).release.xcconfig */,
			);
			path = Pods;
			sourceTree = "<group>";
		};
		957D251F2789C66200029D6C /* Models */ = {
			isa = PBXGroup;
			children = (
				957D25202789C67100029D6C /* Theme.swift */,
				957D25232789C6D100029D6C /* Deck.swift */,
				957D2529278AF1F900029D6C /* Stroke.swift */,
				957D2562279DEE2E00029D6C /* FillUpPinyin.swift */,
				9577582827A5812C0099C271 /* History.swift */,
				9577582B27A5AA580099C271 /* DeckStore.swift */,
			);
			path = Models;
			sourceTree = "<group>";
		};
		957D253827941AAA00029D6C /* Backend */ = {
			isa = PBXGroup;
			children = (
				957D254227976EAE00029D6C /* RequestObjects */,
				957D253927941AE500029D6C /* Api.swift */,
			);
			path = Backend;
			sourceTree = "<group>";
		};
		957D254227976EAE00029D6C /* RequestObjects */ = {
			isa = PBXGroup;
			children = (
				957D254327976ED000029D6C /* ValidationRequest.swift */,
				957D2558279C559300029D6C /* HanziRequest.swift */,
			);
			path = RequestObjects;
			sourceTree = "<group>";
		};
		957D254C279AB10800029D6C /* Styles */ = {
			isa = PBXGroup;
			children = (
				957D254D279AB12600029D6C /* ResultProgressBarStyle.swift */,
			);
			path = Styles;
			sourceTree = "<group>";
		};
		957D2550279B632A00029D6C /* DrawingField */ = {
			isa = PBXGroup;
			children = (
				957D2526278AF1CE00029D6C /* DrawingPadView.swift */,
				957D2535278F7D6300029D6C /* DrawingControlsView.swift */,
			);
			path = DrawingField;
			sourceTree = "<group>";
		};
		957D2551279C489800029D6C /* Extensions */ = {
			isa = PBXGroup;
			children = (
				957D2552279C48B200029D6C /* ViewForeground.swift */,
				957F2700279E037900DFA8FF /* ViewDidLoadModifier.swift */,
			);
			path = Extensions;
			sourceTree = "<group>";
		};
		957F270327A09D9700DFA8FF /* Error */ = {
			isa = PBXGroup;
			children = (
				957F270427A09DA500DFA8FF /* ErrorWrapper.swift */,
				957F270727A09DC900DFA8FF /* ErrorView.swift */,
			);
			path = Error;
			sourceTree = "<group>";
		};
		95AF529D2783915B00CBACFD = {
			isa = PBXGroup;
			children = (
				95ACC08027F5F770007F82AA /* GoogleService-Info.plist */,
				957D255B279D5A0700029D6C /* hanzidraw--iOS--Info.plist */,
				957D250E2789B22600029D6C /* Localizable.strings */,
				95AF52A22783915C00CBACFD /* Shared */,
				95AF52B12783915D00CBACFD /* macOS */,
				95AF52BA2783915D00CBACFD /* Tests iOS */,
				95AF52C62783915D00CBACFD /* Tests macOS */,
				95AF52AB2783915D00CBACFD /* Products */,
				6C05A7383AB36C863F2B6E79 /* Pods */,
				E19D00B37408725E192B8BED /* Frameworks */,
			);
			sourceTree = "<group>";
		};
		95AF52A22783915C00CBACFD /* Shared */ = {
			isa = PBXGroup;
			children = (
				957D251F2789C66200029D6C /* Models */,
				95AF52A32783915C00CBACFD /* hanzidrawApp.swift */,
				957F270327A09D9700DFA8FF /* Error */,
				957D2550279B632A00029D6C /* DrawingField */,
				957D25162789C02F00029D6C /* DeckView.swift */,
				95AF52A42783915C00CBACFD /* DeckListView.swift */,
				95A2105B27B01FB900945948 /* InfoView.swift */,
				957F270A27A305A700DFA8FF /* DeckEditView.swift */,
				9578859527E5D6BA00E3F559 /* BuyFeatureView.swift */,
				9577582527A57C440099C271 /* DeckDetailView.swift */,
				9532E2AC27AB329A007C7960 /* HistoryView.swift */,
				957D25192789C4DA00029D6C /* PracticeView.swift */,
				95ACC07A27EE603C007F82AA /* PurchaseWrapper.swift */,
				9578859B27E649E400E3F559 /* FlipView.swift */,
				957D253827941AAA00029D6C /* Backend */,
				957D2532278F7AC000029D6C /* QuizView.swift */,
				957D252F278B998B00029D6C /* QuizButtonView.swift */,
				95AF52A52783915D00CBACFD /* Assets.xcassets */,
				957D25132789B49500029D6C /* SplashScreenView.swift */,
				957D2549279A0A1A00029D6C /* BottomSheetResultView.swift */,
				9599870C27A4AA7A00862A05 /* ThemePicker.swift */,
				9599870F27A4AAB100862A05 /* ThemeView.swift */,
				957D2551279C489800029D6C /* Extensions */,
				957D254C279AB10800029D6C /* Styles */,
				957D255F279D6BE000029D6C /* AdsManager.swift */,
			);
			path = Shared;
			sourceTree = "<group>";
		};
		95AF52AB2783915D00CBACFD /* Products */ = {
			isa = PBXGroup;
			children = (
				95AF52AA2783915D00CBACFD /* hanzidraw.app */,
				95AF52B02783915D00CBACFD /* hanzidraw.app */,
				95AF52B72783915D00CBACFD /* Tests iOS.xctest */,
				95AF52C32783915D00CBACFD /* Tests macOS.xctest */,
			);
			name = Products;
			sourceTree = "<group>";
		};
		95AF52B12783915D00CBACFD /* macOS */ = {
			isa = PBXGroup;
			children = (
				95AF52B22783915D00CBACFD /* macOS.entitlements */,
			);
			path = macOS;
			sourceTree = "<group>";
		};
		95AF52BA2783915D00CBACFD /* Tests iOS */ = {
			isa = PBXGroup;
			children = (
				95AF52BB2783915D00CBACFD /* Tests_iOS.swift */,
				95AF52BD2783915D00CBACFD /* Tests_iOSLaunchTests.swift */,
			);
			path = "Tests iOS";
			sourceTree = "<group>";
		};
		95AF52C62783915D00CBACFD /* Tests macOS */ = {
			isa = PBXGroup;
			children = (
				95AF52C72783915D00CBACFD /* Tests_macOS.swift */,
				95AF52C92783915D00CBACFD /* Tests_macOSLaunchTests.swift */,
			);
			path = "Tests macOS";
			sourceTree = "<group>";
		};
		E19D00B37408725E192B8BED /* Frameworks */ = {
			isa = PBXGroup;
			children = (
				95ACC07527E7AC28007F82AA /* AppTrackingTransparency.framework */,
				9581B3B327E4BF2E0016C25A /* StoreKit.framework */,
				FB754A11B896C86CEC56FF26 /* Pods_hanzidraw__iOS_.framework */,
				00F2706BD664FBD42AAC9715 /* Pods_hanzidraw__macOS_.framework */,
			);
			name = Frameworks;
			sourceTree = "<group>";
		};
/* End PBXGroup section */

/* Begin PBXNativeTarget section */
		95AF52A92783915D00CBACFD /* hanzidraw (iOS) */ = {
			isa = PBXNativeTarget;
			buildConfigurationList = 95AF52D32783915D00CBACFD /* Build configuration list for PBXNativeTarget "hanzidraw (iOS)" */;
			buildPhases = (
				AAC7C19F0DBB8BAD61F1EE71 /* [CP] Check Pods Manifest.lock */,
				95AF52A62783915D00CBACFD /* Sources */,
				95AF52A72783915D00CBACFD /* Frameworks */,
				95AF52A82783915D00CBACFD /* Resources */,
				F98888613D34E5DBB30068AC /* [CP] Embed Pods Frameworks */,
			);
			buildRules = (
			);
			dependencies = (
			);
			name = "hanzidraw (iOS)";
			packageProductDependencies = (
				957D252D278B162900029D6C /* CachedAsyncImage */,
				957D25402794B32100029D6C /* Alamofire */,
				9532E2AA27A9DA94007C7960 /* BottomSheet */,
				9581B3B127E3D5160016C25A /* RevenueCat */,
				9578859927E62A2900E3F559 /* ConfettiSwiftUI */,
				95ACC08327F5F8EB007F82AA /* FirebaseAnalytics */,
				95ACC08527F5F8EB007F82AA /* FirebaseAnalyticsWithoutAdIdSupport */,
				95ACC08727F5F8EB007F82AA /* FirebaseCrashlytics */,
			);
			productName = "hanzidraw (iOS)";
			productReference = 95AF52AA2783915D00CBACFD /* hanzidraw.app */;
			productType = "com.apple.product-type.application";
		};
		95AF52AF2783915D00CBACFD /* hanzidraw (macOS) */ = {
			isa = PBXNativeTarget;
			buildConfigurationList = 95AF52D62783915D00CBACFD /* Build configuration list for PBXNativeTarget "hanzidraw (macOS)" */;
			buildPhases = (
				66F35239199E346A5A8EE93A /* [CP] Check Pods Manifest.lock */,
				95AF52AC2783915D00CBACFD /* Sources */,
				95AF52AD2783915D00CBACFD /* Frameworks */,
				95AF52AE2783915D00CBACFD /* Resources */,
			);
			buildRules = (
			);
			dependencies = (
			);
			name = "hanzidraw (macOS)";
			productName = "hanzidraw (macOS)";
			productReference = 95AF52B02783915D00CBACFD /* hanzidraw.app */;
			productType = "com.apple.product-type.application";
		};
		95AF52B62783915D00CBACFD /* Tests iOS */ = {
			isa = PBXNativeTarget;
			buildConfigurationList = 95AF52D92783915D00CBACFD /* Build configuration list for PBXNativeTarget "Tests iOS" */;
			buildPhases = (
				95AF52B32783915D00CBACFD /* Sources */,
				95AF52B42783915D00CBACFD /* Frameworks */,
				95AF52B52783915D00CBACFD /* Resources */,
			);
			buildRules = (
			);
			dependencies = (
				95AF52B92783915D00CBACFD /* PBXTargetDependency */,
			);
			name = "Tests iOS";
			productName = "Tests iOS";
			productReference = 95AF52B72783915D00CBACFD /* Tests iOS.xctest */;
			productType = "com.apple.product-type.bundle.ui-testing";
		};
		95AF52C22783915D00CBACFD /* Tests macOS */ = {
			isa = PBXNativeTarget;
			buildConfigurationList = 95AF52DC2783915D00CBACFD /* Build configuration list for PBXNativeTarget "Tests macOS" */;
			buildPhases = (
				95AF52BF2783915D00CBACFD /* Sources */,
				95AF52C02783915D00CBACFD /* Frameworks */,
				95AF52C12783915D00CBACFD /* Resources */,
			);
			buildRules = (
			);
			dependencies = (
				95AF52C52783915D00CBACFD /* PBXTargetDependency */,
			);
			name = "Tests macOS";
			productName = "Tests macOS";
			productReference = 95AF52C32783915D00CBACFD /* Tests macOS.xctest */;
			productType = "com.apple.product-type.bundle.ui-testing";
		};
/* End PBXNativeTarget section */

/* Begin PBXProject section */
		95AF529E2783915B00CBACFD /* Project object */ = {
			isa = PBXProject;
			attributes = {
				BuildIndependentTargetsInParallel = 1;
				LastSwiftUpdateCheck = 1320;
				LastUpgradeCheck = 1320;
				TargetAttributes = {
					95AF52A92783915D00CBACFD = {
						CreatedOnToolsVersion = 13.2.1;
					};
					95AF52AF2783915D00CBACFD = {
						CreatedOnToolsVersion = 13.2.1;
					};
					95AF52B62783915D00CBACFD = {
						CreatedOnToolsVersion = 13.2.1;
						TestTargetID = 95AF52A92783915D00CBACFD;
					};
					95AF52C22783915D00CBACFD = {
						CreatedOnToolsVersion = 13.2.1;
						TestTargetID = 95AF52AF2783915D00CBACFD;
					};
				};
			};
			buildConfigurationList = 95AF52A12783915B00CBACFD /* Build configuration list for PBXProject "hanzidraw" */;
			compatibilityVersion = "Xcode 13.0";
			developmentRegion = en;
			hasScannedForEncodings = 0;
			knownRegions = (
				en,
				Base,
				de,
			);
			mainGroup = 95AF529D2783915B00CBACFD;
			packageReferences = (
				957D252C278B162900029D6C /* XCRemoteSwiftPackageReference "SwiftUI-CachedAsyncImage" */,
				957D253F2794B32100029D6C /* XCRemoteSwiftPackageReference "Alamofire" */,
				9532E2A927A9DA94007C7960 /* XCRemoteSwiftPackageReference "BottomSheet" */,
				9581B3B027E3D5160016C25A /* XCRemoteSwiftPackageReference "purchases-ios" */,
				9578859827E62A2900E3F559 /* XCRemoteSwiftPackageReference "ConfettiSwiftUI" */,
				95ACC08227F5F8EB007F82AA /* XCRemoteSwiftPackageReference "firebase-ios-sdk" */,
			);
			productRefGroup = 95AF52AB2783915D00CBACFD /* Products */;
			projectDirPath = "";
			projectRoot = "";
			targets = (
				95AF52A92783915D00CBACFD /* hanzidraw (iOS) */,
				95AF52AF2783915D00CBACFD /* hanzidraw (macOS) */,
				95AF52B62783915D00CBACFD /* Tests iOS */,
				95AF52C22783915D00CBACFD /* Tests macOS */,
			);
		};
/* End PBXProject section */

/* Begin PBXResourcesBuildPhase section */
		95AF52A82783915D00CBACFD /* Resources */ = {
			isa = PBXResourcesBuildPhase;
			buildActionMask = 2147483647;
			files = (
				95AF52CF2783915D00CBACFD /* Assets.xcassets in Resources */,
				957D25102789B22600029D6C /* Localizable.strings in Resources */,
				95ACC08127F5F770007F82AA /* GoogleService-Info.plist in Resources */,
			);
			runOnlyForDeploymentPostprocessing = 0;
		};
		95AF52AE2783915D00CBACFD /* Resources */ = {
			isa = PBXResourcesBuildPhase;
			buildActionMask = 2147483647;
			files = (
				95AF52D02783915D00CBACFD /* Assets.xcassets in Resources */,
				957D25112789B22600029D6C /* Localizable.strings in Resources */,
			);
			runOnlyForDeploymentPostprocessing = 0;
		};
		95AF52B52783915D00CBACFD /* Resources */ = {
			isa = PBXResourcesBuildPhase;
			buildActionMask = 2147483647;
			files = (
			);
			runOnlyForDeploymentPostprocessing = 0;
		};
		95AF52C12783915D00CBACFD /* Resources */ = {
			isa = PBXResourcesBuildPhase;
			buildActionMask = 2147483647;
			files = (
			);
			runOnlyForDeploymentPostprocessing = 0;
		};
/* End PBXResourcesBuildPhase section */

/* Begin PBXShellScriptBuildPhase section */
		66F35239199E346A5A8EE93A /* [CP] Check Pods Manifest.lock */ = {
			isa = PBXShellScriptBuildPhase;
			buildActionMask = 2147483647;
			files = (
			);
			inputFileListPaths = (
			);
			inputPaths = (
				"${PODS_PODFILE_DIR_PATH}/Podfile.lock",
				"${PODS_ROOT}/Manifest.lock",
			);
			name = "[CP] Check Pods Manifest.lock";
			outputFileListPaths = (
			);
			outputPaths = (
				"$(DERIVED_FILE_DIR)/Pods-hanzidraw (macOS)-checkManifestLockResult.txt",
			);
			runOnlyForDeploymentPostprocessing = 0;
			shellPath = /bin/sh;
			shellScript = "diff \"${PODS_PODFILE_DIR_PATH}/Podfile.lock\" \"${PODS_ROOT}/Manifest.lock\" > /dev/null\nif [ $? != 0 ] ; then\n    # print error to STDERR\n    echo \"error: The sandbox is not in sync with the Podfile.lock. Run 'pod install' or update your CocoaPods installation.\" >&2\n    exit 1\nfi\n# This output is used by Xcode 'outputs' to avoid re-running this script phase.\necho \"SUCCESS\" > \"${SCRIPT_OUTPUT_FILE_0}\"\n";
			showEnvVarsInLog = 0;
		};
		AAC7C19F0DBB8BAD61F1EE71 /* [CP] Check Pods Manifest.lock */ = {
			isa = PBXShellScriptBuildPhase;
			buildActionMask = 2147483647;
			files = (
			);
			inputFileListPaths = (
			);
			inputPaths = (
				"${PODS_PODFILE_DIR_PATH}/Podfile.lock",
				"${PODS_ROOT}/Manifest.lock",
			);
			name = "[CP] Check Pods Manifest.lock";
			outputFileListPaths = (
			);
			outputPaths = (
				"$(DERIVED_FILE_DIR)/Pods-hanzidraw (iOS)-checkManifestLockResult.txt",
			);
			runOnlyForDeploymentPostprocessing = 0;
			shellPath = /bin/sh;
			shellScript = "diff \"${PODS_PODFILE_DIR_PATH}/Podfile.lock\" \"${PODS_ROOT}/Manifest.lock\" > /dev/null\nif [ $? != 0 ] ; then\n    # print error to STDERR\n    echo \"error: The sandbox is not in sync with the Podfile.lock. Run 'pod install' or update your CocoaPods installation.\" >&2\n    exit 1\nfi\n# This output is used by Xcode 'outputs' to avoid re-running this script phase.\necho \"SUCCESS\" > \"${SCRIPT_OUTPUT_FILE_0}\"\n";
			showEnvVarsInLog = 0;
		};
		F98888613D34E5DBB30068AC /* [CP] Embed Pods Frameworks */ = {
			isa = PBXShellScriptBuildPhase;
			buildActionMask = 2147483647;
			files = (
			);
			inputFileListPaths = (
				"${PODS_ROOT}/Target Support Files/Pods-hanzidraw (iOS)/Pods-hanzidraw (iOS)-frameworks-${CONFIGURATION}-input-files.xcfilelist",
			);
			name = "[CP] Embed Pods Frameworks";
			outputFileListPaths = (
				"${PODS_ROOT}/Target Support Files/Pods-hanzidraw (iOS)/Pods-hanzidraw (iOS)-frameworks-${CONFIGURATION}-output-files.xcfilelist",
			);
			runOnlyForDeploymentPostprocessing = 0;
			shellPath = /bin/sh;
			shellScript = "\"${PODS_ROOT}/Target Support Files/Pods-hanzidraw (iOS)/Pods-hanzidraw (iOS)-frameworks.sh\"\n";
			showEnvVarsInLog = 0;
		};
/* End PBXShellScriptBuildPhase section */

/* Begin PBXSourcesBuildPhase section */
		95AF52A62783915D00CBACFD /* Sources */ = {
			isa = PBXSourcesBuildPhase;
			buildActionMask = 2147483647;
			files = (
				957F270B27A305A700DFA8FF /* DeckEditView.swift in Sources */,
				9578859C27E649E400E3F559 /* FlipView.swift in Sources */,
				957D25242789C6D100029D6C /* Deck.swift in Sources */,
				95AF52CD2783915D00CBACFD /* DeckListView.swift in Sources */,
				957D2560279D6BE000029D6C /* AdsManager.swift in Sources */,
				957D2530278B998B00029D6C /* QuizButtonView.swift in Sources */,
				957D251A2789C4DA00029D6C /* PracticeView.swift in Sources */,
				9578859627E5D6BA00E3F559 /* BuyFeatureView.swift in Sources */,
				957F2701279E037900DFA8FF /* ViewDidLoadModifier.swift in Sources */,
				9599871027A4AAB100862A05 /* ThemeView.swift in Sources */,
				95AF52CB2783915D00CBACFD /* hanzidrawApp.swift in Sources */,
				957F270827A09DC900DFA8FF /* ErrorView.swift in Sources */,
				957D2533278F7AC000029D6C /* QuizView.swift in Sources */,
				957D252A278AF1F900029D6C /* Stroke.swift in Sources */,
				957D25142789B49500029D6C /* SplashScreenView.swift in Sources */,
				957D25172789C02F00029D6C /* DeckView.swift in Sources */,
				957D254427976ED000029D6C /* ValidationRequest.swift in Sources */,
				957D2559279C559300029D6C /* HanziRequest.swift in Sources */,
				95A2105C27B01FB900945948 /* InfoView.swift in Sources */,
				9532E2AD27AB329A007C7960 /* HistoryView.swift in Sources */,
				957D25212789C67100029D6C /* Theme.swift in Sources */,
				957D2536278F7D6300029D6C /* DrawingControlsView.swift in Sources */,
				957D253A27941AE500029D6C /* Api.swift in Sources */,
				9577582627A57C440099C271 /* DeckDetailView.swift in Sources */,
				957F270527A09DA500DFA8FF /* ErrorWrapper.swift in Sources */,
				957D254A279A0A1A00029D6C /* BottomSheetResultView.swift in Sources */,
				95ACC07B27EE603C007F82AA /* PurchaseWrapper.swift in Sources */,
				9577582927A5812C0099C271 /* History.swift in Sources */,
				9577582C27A5AA580099C271 /* DeckStore.swift in Sources */,
				957D2553279C48B200029D6C /* ViewForeground.swift in Sources */,
				957D2527278AF1CE00029D6C /* DrawingPadView.swift in Sources */,
				9599870D27A4AA7A00862A05 /* ThemePicker.swift in Sources */,
				957D2563279DEE2F00029D6C /* FillUpPinyin.swift in Sources */,
				957D254E279AB12600029D6C /* ResultProgressBarStyle.swift in Sources */,
			);
			runOnlyForDeploymentPostprocessing = 0;
		};
		95AF52AC2783915D00CBACFD /* Sources */ = {
			isa = PBXSourcesBuildPhase;
			buildActionMask = 2147483647;
			files = (
				957F270C27A305A700DFA8FF /* DeckEditView.swift in Sources */,
				9578859D27E649E400E3F559 /* FlipView.swift in Sources */,
				957D25252789C6D100029D6C /* Deck.swift in Sources */,
				95AF52CE2783915D00CBACFD /* DeckListView.swift in Sources */,
				957D2561279D6BE000029D6C /* AdsManager.swift in Sources */,
				957D2531278B998B00029D6C /* QuizButtonView.swift in Sources */,
				957D251B2789C4DA00029D6C /* PracticeView.swift in Sources */,
				9578859727E5D6BA00E3F559 /* BuyFeatureView.swift in Sources */,
				957F2702279E037900DFA8FF /* ViewDidLoadModifier.swift in Sources */,
				9599871127A4AAB100862A05 /* ThemeView.swift in Sources */,
				95AF52CC2783915D00CBACFD /* hanzidrawApp.swift in Sources */,
				957F270927A09DC900DFA8FF /* ErrorView.swift in Sources */,
				957D2534278F7AC000029D6C /* QuizView.swift in Sources */,
				957D252B278AF1F900029D6C /* Stroke.swift in Sources */,
				957D25152789B49500029D6C /* SplashScreenView.swift in Sources */,
				957D25182789C02F00029D6C /* DeckView.swift in Sources */,
				957D254527976ED000029D6C /* ValidationRequest.swift in Sources */,
				957D255A279C559300029D6C /* HanziRequest.swift in Sources */,
				95A2105D27B01FB900945948 /* InfoView.swift in Sources */,
				9532E2AE27AB329A007C7960 /* HistoryView.swift in Sources */,
				957D25222789C67100029D6C /* Theme.swift in Sources */,
				957D2537278F7D6300029D6C /* DrawingControlsView.swift in Sources */,
				957D253B27941AE500029D6C /* Api.swift in Sources */,
				9577582727A57C440099C271 /* DeckDetailView.swift in Sources */,
				957F270627A09DA500DFA8FF /* ErrorWrapper.swift in Sources */,
				957D254B279A0A1A00029D6C /* BottomSheetResultView.swift in Sources */,
				95ACC07C27EE603C007F82AA /* PurchaseWrapper.swift in Sources */,
				9577582A27A5812C0099C271 /* History.swift in Sources */,
				9577582D27A5AA580099C271 /* DeckStore.swift in Sources */,
				957D2554279C48B200029D6C /* ViewForeground.swift in Sources */,
				957D2528278AF1CE00029D6C /* DrawingPadView.swift in Sources */,
				9599870E27A4AA7A00862A05 /* ThemePicker.swift in Sources */,
				957D2564279DEE2F00029D6C /* FillUpPinyin.swift in Sources */,
				957D254F279AB12600029D6C /* ResultProgressBarStyle.swift in Sources */,
			);
			runOnlyForDeploymentPostprocessing = 0;
		};
		95AF52B32783915D00CBACFD /* Sources */ = {
			isa = PBXSourcesBuildPhase;
			buildActionMask = 2147483647;
			files = (
				95AF52BE2783915D00CBACFD /* Tests_iOSLaunchTests.swift in Sources */,
				95AF52BC2783915D00CBACFD /* Tests_iOS.swift in Sources */,
			);
			runOnlyForDeploymentPostprocessing = 0;
		};
		95AF52BF2783915D00CBACFD /* Sources */ = {
			isa = PBXSourcesBuildPhase;
			buildActionMask = 2147483647;
			files = (
				95AF52CA2783915D00CBACFD /* Tests_macOSLaunchTests.swift in Sources */,
				95AF52C82783915D00CBACFD /* Tests_macOS.swift in Sources */,
			);
			runOnlyForDeploymentPostprocessing = 0;
		};
/* End PBXSourcesBuildPhase section */

/* Begin PBXTargetDependency section */
		95AF52B92783915D00CBACFD /* PBXTargetDependency */ = {
			isa = PBXTargetDependency;
			target = 95AF52A92783915D00CBACFD /* hanzidraw (iOS) */;
			targetProxy = 95AF52B82783915D00CBACFD /* PBXContainerItemProxy */;
		};
		95AF52C52783915D00CBACFD /* PBXTargetDependency */ = {
			isa = PBXTargetDependency;
			target = 95AF52AF2783915D00CBACFD /* hanzidraw (macOS) */;
			targetProxy = 95AF52C42783915D00CBACFD /* PBXContainerItemProxy */;
		};
/* End PBXTargetDependency section */

/* Begin PBXVariantGroup section */
		957D250E2789B22600029D6C /* Localizable.strings */ = {
			isa = PBXVariantGroup;
			children = (
				957D250F2789B22600029D6C /* de */,
				957D25122789B2D400029D6C /* en */,
			);
			name = Localizable.strings;
			sourceTree = "<group>";
		};
/* End PBXVariantGroup section */

/* Begin XCBuildConfiguration section */
		95AF52D12783915D00CBACFD /* Debug */ = {
			isa = XCBuildConfiguration;
			buildSettings = {
				ALWAYS_SEARCH_USER_PATHS = NO;
				CLANG_ANALYZER_NONNULL = YES;
				CLANG_ANALYZER_NUMBER_OBJECT_CONVERSION = YES_AGGRESSIVE;
				CLANG_CXX_LANGUAGE_STANDARD = "gnu++17";
				CLANG_CXX_LIBRARY = "libc++";
				CLANG_ENABLE_MODULES = YES;
				CLANG_ENABLE_OBJC_ARC = YES;
				CLANG_ENABLE_OBJC_WEAK = YES;
				CLANG_WARN_BLOCK_CAPTURE_AUTORELEASING = YES;
				CLANG_WARN_BOOL_CONVERSION = YES;
				CLANG_WARN_COMMA = YES;
				CLANG_WARN_CONSTANT_CONVERSION = YES;
				CLANG_WARN_DEPRECATED_OBJC_IMPLEMENTATIONS = YES;
				CLANG_WARN_DIRECT_OBJC_ISA_USAGE = YES_ERROR;
				CLANG_WARN_DOCUMENTATION_COMMENTS = YES;
				CLANG_WARN_EMPTY_BODY = YES;
				CLANG_WARN_ENUM_CONVERSION = YES;
				CLANG_WARN_INFINITE_RECURSION = YES;
				CLANG_WARN_INT_CONVERSION = YES;
				CLANG_WARN_NON_LITERAL_NULL_CONVERSION = YES;
				CLANG_WARN_OBJC_IMPLICIT_RETAIN_SELF = YES;
				CLANG_WARN_OBJC_LITERAL_CONVERSION = YES;
				CLANG_WARN_OBJC_ROOT_CLASS = YES_ERROR;
				CLANG_WARN_QUOTED_INCLUDE_IN_FRAMEWORK_HEADER = YES;
				CLANG_WARN_RANGE_LOOP_ANALYSIS = YES;
				CLANG_WARN_STRICT_PROTOTYPES = YES;
				CLANG_WARN_SUSPICIOUS_MOVE = YES;
				CLANG_WARN_UNGUARDED_AVAILABILITY = YES_AGGRESSIVE;
				CLANG_WARN_UNREACHABLE_CODE = YES;
				CLANG_WARN__DUPLICATE_METHOD_MATCH = YES;
				COPY_PHASE_STRIP = NO;
				DEBUG_INFORMATION_FORMAT = dwarf;
				ENABLE_STRICT_OBJC_MSGSEND = YES;
				ENABLE_TESTABILITY = YES;
				GCC_C_LANGUAGE_STANDARD = gnu11;
				GCC_DYNAMIC_NO_PIC = NO;
				GCC_NO_COMMON_BLOCKS = YES;
				GCC_OPTIMIZATION_LEVEL = 0;
				GCC_PREPROCESSOR_DEFINITIONS = (
					"DEBUG=1",
					"$(inherited)",
				);
				GCC_WARN_64_TO_32_BIT_CONVERSION = YES;
				GCC_WARN_ABOUT_RETURN_TYPE = YES_ERROR;
				GCC_WARN_UNDECLARED_SELECTOR = YES;
				GCC_WARN_UNINITIALIZED_AUTOS = YES_AGGRESSIVE;
				GCC_WARN_UNUSED_FUNCTION = YES;
				GCC_WARN_UNUSED_VARIABLE = YES;
				IPHONEOS_DEPLOYMENT_TARGET = 9.0;
				MTL_ENABLE_DEBUG_INFO = INCLUDE_SOURCE;
				MTL_FAST_MATH = YES;
				ONLY_ACTIVE_ARCH = YES;
				SWIFT_ACTIVE_COMPILATION_CONDITIONS = DEBUG;
				SWIFT_OPTIMIZATION_LEVEL = "-Onone";
			};
			name = Debug;
		};
		95AF52D22783915D00CBACFD /* Release */ = {
			isa = XCBuildConfiguration;
			buildSettings = {
				ALWAYS_SEARCH_USER_PATHS = NO;
				CLANG_ANALYZER_NONNULL = YES;
				CLANG_ANALYZER_NUMBER_OBJECT_CONVERSION = YES_AGGRESSIVE;
				CLANG_CXX_LANGUAGE_STANDARD = "gnu++17";
				CLANG_CXX_LIBRARY = "libc++";
				CLANG_ENABLE_MODULES = YES;
				CLANG_ENABLE_OBJC_ARC = YES;
				CLANG_ENABLE_OBJC_WEAK = YES;
				CLANG_WARN_BLOCK_CAPTURE_AUTORELEASING = YES;
				CLANG_WARN_BOOL_CONVERSION = YES;
				CLANG_WARN_COMMA = YES;
				CLANG_WARN_CONSTANT_CONVERSION = YES;
				CLANG_WARN_DEPRECATED_OBJC_IMPLEMENTATIONS = YES;
				CLANG_WARN_DIRECT_OBJC_ISA_USAGE = YES_ERROR;
				CLANG_WARN_DOCUMENTATION_COMMENTS = YES;
				CLANG_WARN_EMPTY_BODY = YES;
				CLANG_WARN_ENUM_CONVERSION = YES;
				CLANG_WARN_INFINITE_RECURSION = YES;
				CLANG_WARN_INT_CONVERSION = YES;
				CLANG_WARN_NON_LITERAL_NULL_CONVERSION = YES;
				CLANG_WARN_OBJC_IMPLICIT_RETAIN_SELF = YES;
				CLANG_WARN_OBJC_LITERAL_CONVERSION = YES;
				CLANG_WARN_OBJC_ROOT_CLASS = YES_ERROR;
				CLANG_WARN_QUOTED_INCLUDE_IN_FRAMEWORK_HEADER = YES;
				CLANG_WARN_RANGE_LOOP_ANALYSIS = YES;
				CLANG_WARN_STRICT_PROTOTYPES = YES;
				CLANG_WARN_SUSPICIOUS_MOVE = YES;
				CLANG_WARN_UNGUARDED_AVAILABILITY = YES_AGGRESSIVE;
				CLANG_WARN_UNREACHABLE_CODE = YES;
				CLANG_WARN__DUPLICATE_METHOD_MATCH = YES;
				COPY_PHASE_STRIP = NO;
				DEBUG_INFORMATION_FORMAT = "dwarf-with-dsym";
				ENABLE_NS_ASSERTIONS = NO;
				ENABLE_STRICT_OBJC_MSGSEND = YES;
				GCC_C_LANGUAGE_STANDARD = gnu11;
				GCC_NO_COMMON_BLOCKS = YES;
				GCC_WARN_64_TO_32_BIT_CONVERSION = YES;
				GCC_WARN_ABOUT_RETURN_TYPE = YES_ERROR;
				GCC_WARN_UNDECLARED_SELECTOR = YES;
				GCC_WARN_UNINITIALIZED_AUTOS = YES_AGGRESSIVE;
				GCC_WARN_UNUSED_FUNCTION = YES;
				GCC_WARN_UNUSED_VARIABLE = YES;
				IPHONEOS_DEPLOYMENT_TARGET = 9.0;
				MTL_ENABLE_DEBUG_INFO = NO;
				MTL_FAST_MATH = YES;
				SWIFT_COMPILATION_MODE = wholemodule;
				SWIFT_OPTIMIZATION_LEVEL = "-O";
			};
			name = Release;
		};
		95AF52D42783915D00CBACFD /* Debug */ = {
			isa = XCBuildConfiguration;
			baseConfigurationReference = 5B37D5DA68253E0318D1557C /* Pods-hanzidraw (iOS).debug.xcconfig */;
			buildSettings = {
				ASSETCATALOG_COMPILER_APPICON_NAME = AppIcon;
				ASSETCATALOG_COMPILER_GLOBAL_ACCENT_COLOR_NAME = AccentColor;
				CODE_SIGN_STYLE = Automatic;
				CURRENT_PROJECT_VERSION = 5;
				DEVELOPMENT_TEAM = 32KY4QPK6D;
				ENABLE_PREVIEWS = YES;
				GENERATE_INFOPLIST_FILE = YES;
				INFOPLIST_FILE = "hanzidraw--iOS--Info.plist";
				INFOPLIST_KEY_CFBundleDisplayName = "Hanzi Draw";
				INFOPLIST_KEY_LSApplicationCategoryType = "";
				INFOPLIST_KEY_NSUserTrackingUsageDescription = "See ads which are more relevant to you.";
				INFOPLIST_KEY_UIApplicationSceneManifest_Generation = YES;
				INFOPLIST_KEY_UIApplicationSupportsIndirectInputEvents = YES;
				INFOPLIST_KEY_UILaunchScreen_Generation = YES;
				INFOPLIST_KEY_UISupportedInterfaceOrientations = "UIInterfaceOrientationLandscapeLeft UIInterfaceOrientationPortrait UIInterfaceOrientationLandscapeRight";
				INFOPLIST_KEY_UISupportedInterfaceOrientations_iPad = "UIInterfaceOrientationPortrait UIInterfaceOrientationPortraitUpsideDown UIInterfaceOrientationLandscapeLeft UIInterfaceOrientationLandscapeRight";
				INFOPLIST_KEY_UISupportedInterfaceOrientations_iPhone = "UIInterfaceOrientationPortrait UIInterfaceOrientationLandscapeLeft UIInterfaceOrientationLandscapeRight";
				IPHONEOS_DEPLOYMENT_TARGET = 15.2;
				LD_RUNPATH_SEARCH_PATHS = (
					"$(inherited)",
					"@executable_path/Frameworks",
				);
				MARKETING_VERSION = 1.0.1;
				NEW_SETTING = "";
				NEW_SETTING1 = "";
				PRODUCT_BUNDLE_IDENTIFIER = com.papanda.hanzidraw;
				PRODUCT_NAME = hanzidraw;
				SDKROOT = iphoneos;
				SWIFT_EMIT_LOC_STRINGS = YES;
				SWIFT_VERSION = 5.0;
				TARGETED_DEVICE_FAMILY = "1,2";
			};
			name = Debug;
		};
		95AF52D52783915D00CBACFD /* Release */ = {
			isa = XCBuildConfiguration;
			baseConfigurationReference = CF932F18EC3030DCCE162ACD /* Pods-hanzidraw (iOS).release.xcconfig */;
			buildSettings = {
				ASSETCATALOG_COMPILER_APPICON_NAME = AppIcon;
				ASSETCATALOG_COMPILER_GLOBAL_ACCENT_COLOR_NAME = AccentColor;
				CODE_SIGN_STYLE = Automatic;
				CURRENT_PROJECT_VERSION = 5;
				DEVELOPMENT_TEAM = 32KY4QPK6D;
				ENABLE_PREVIEWS = YES;
				GENERATE_INFOPLIST_FILE = YES;
				INFOPLIST_FILE = "hanzidraw--iOS--Info.plist";
				INFOPLIST_KEY_CFBundleDisplayName = "Hanzi Draw";
				INFOPLIST_KEY_LSApplicationCategoryType = "";
				INFOPLIST_KEY_NSUserTrackingUsageDescription = "See ads which are more relevant to you.";
				INFOPLIST_KEY_UIApplicationSceneManifest_Generation = YES;
				INFOPLIST_KEY_UIApplicationSupportsIndirectInputEvents = YES;
				INFOPLIST_KEY_UILaunchScreen_Generation = YES;
				INFOPLIST_KEY_UISupportedInterfaceOrientations = "UIInterfaceOrientationLandscapeLeft UIInterfaceOrientationPortrait UIInterfaceOrientationLandscapeRight";
				INFOPLIST_KEY_UISupportedInterfaceOrientations_iPad = "UIInterfaceOrientationPortrait UIInterfaceOrientationPortraitUpsideDown UIInterfaceOrientationLandscapeLeft UIInterfaceOrientationLandscapeRight";
				INFOPLIST_KEY_UISupportedInterfaceOrientations_iPhone = "UIInterfaceOrientationPortrait UIInterfaceOrientationLandscapeLeft UIInterfaceOrientationLandscapeRight";
				IPHONEOS_DEPLOYMENT_TARGET = 15.2;
				LD_RUNPATH_SEARCH_PATHS = (
					"$(inherited)",
					"@executable_path/Frameworks",
				);
				MARKETING_VERSION = 1.0.1;
				NEW_SETTING = "";
				NEW_SETTING1 = "";
				PRODUCT_BUNDLE_IDENTIFIER = com.papanda.hanzidraw;
				PRODUCT_NAME = hanzidraw;
				SDKROOT = iphoneos;
				SWIFT_EMIT_LOC_STRINGS = YES;
				SWIFT_VERSION = 5.0;
				TARGETED_DEVICE_FAMILY = "1,2";
				VALIDATE_PRODUCT = YES;
			};
			name = Release;
		};
		95AF52D72783915D00CBACFD /* Debug */ = {
			isa = XCBuildConfiguration;
			baseConfigurationReference = 2BFA891FCABF078E05CC9AEC /* Pods-hanzidraw (macOS).debug.xcconfig */;
			buildSettings = {
				ASSETCATALOG_COMPILER_APPICON_NAME = AppIcon;
				ASSETCATALOG_COMPILER_GLOBAL_ACCENT_COLOR_NAME = AccentColor;
				CODE_SIGN_ENTITLEMENTS = macOS/macOS.entitlements;
				CODE_SIGN_STYLE = Automatic;
				COMBINE_HIDPI_IMAGES = YES;
				CURRENT_PROJECT_VERSION = 1;
				ENABLE_PREVIEWS = YES;
				GENERATE_INFOPLIST_FILE = YES;
				INFOPLIST_KEY_NSHumanReadableCopyright = "";
				LD_RUNPATH_SEARCH_PATHS = (
					"$(inherited)",
					"@executable_path/../Frameworks",
				);
				MACOSX_DEPLOYMENT_TARGET = 12.0;
				MARKETING_VERSION = 1.0;
				PRODUCT_BUNDLE_IDENTIFIER = com.papanda.hanzidraw;
				PRODUCT_NAME = hanzidraw;
				SDKROOT = macosx;
				SWIFT_EMIT_LOC_STRINGS = YES;
				SWIFT_VERSION = 5.0;
			};
			name = Debug;
		};
		95AF52D82783915D00CBACFD /* Release */ = {
			isa = XCBuildConfiguration;
			baseConfigurationReference = 9C554742E81F709E5B8079F2 /* Pods-hanzidraw (macOS).release.xcconfig */;
			buildSettings = {
				ASSETCATALOG_COMPILER_APPICON_NAME = AppIcon;
				ASSETCATALOG_COMPILER_GLOBAL_ACCENT_COLOR_NAME = AccentColor;
				CODE_SIGN_ENTITLEMENTS = macOS/macOS.entitlements;
				CODE_SIGN_STYLE = Automatic;
				COMBINE_HIDPI_IMAGES = YES;
				CURRENT_PROJECT_VERSION = 1;
				ENABLE_PREVIEWS = YES;
				GENERATE_INFOPLIST_FILE = YES;
				INFOPLIST_KEY_NSHumanReadableCopyright = "";
				LD_RUNPATH_SEARCH_PATHS = (
					"$(inherited)",
					"@executable_path/../Frameworks",
				);
				MACOSX_DEPLOYMENT_TARGET = 12.0;
				MARKETING_VERSION = 1.0;
				PRODUCT_BUNDLE_IDENTIFIER = com.papanda.hanzidraw;
				PRODUCT_NAME = hanzidraw;
				SDKROOT = macosx;
				SWIFT_EMIT_LOC_STRINGS = YES;
				SWIFT_VERSION = 5.0;
			};
			name = Release;
		};
		95AF52DA2783915D00CBACFD /* Debug */ = {
			isa = XCBuildConfiguration;
			buildSettings = {
				ALWAYS_EMBED_SWIFT_STANDARD_LIBRARIES = YES;
				CODE_SIGN_STYLE = Automatic;
				CURRENT_PROJECT_VERSION = 1;
				GENERATE_INFOPLIST_FILE = YES;
				IPHONEOS_DEPLOYMENT_TARGET = 15.2;
				MARKETING_VERSION = 1.0;
				PRODUCT_BUNDLE_IDENTIFIER = "com.papanda.Tests-iOS";
				PRODUCT_NAME = "$(TARGET_NAME)";
				SDKROOT = iphoneos;
				SWIFT_EMIT_LOC_STRINGS = NO;
				SWIFT_VERSION = 5.0;
				TARGETED_DEVICE_FAMILY = "1,2";
				TEST_TARGET_NAME = "hanzidraw (iOS)";
			};
			name = Debug;
		};
		95AF52DB2783915D00CBACFD /* Release */ = {
			isa = XCBuildConfiguration;
			buildSettings = {
				ALWAYS_EMBED_SWIFT_STANDARD_LIBRARIES = YES;
				CODE_SIGN_STYLE = Automatic;
				CURRENT_PROJECT_VERSION = 1;
				GENERATE_INFOPLIST_FILE = YES;
				IPHONEOS_DEPLOYMENT_TARGET = 15.2;
				MARKETING_VERSION = 1.0;
				PRODUCT_BUNDLE_IDENTIFIER = "com.papanda.Tests-iOS";
				PRODUCT_NAME = "$(TARGET_NAME)";
				SDKROOT = iphoneos;
				SWIFT_EMIT_LOC_STRINGS = NO;
				SWIFT_VERSION = 5.0;
				TARGETED_DEVICE_FAMILY = "1,2";
				TEST_TARGET_NAME = "hanzidraw (iOS)";
				VALIDATE_PRODUCT = YES;
			};
			name = Release;
		};
		95AF52DD2783915D00CBACFD /* Debug */ = {
			isa = XCBuildConfiguration;
			buildSettings = {
				ALWAYS_EMBED_SWIFT_STANDARD_LIBRARIES = YES;
				CODE_SIGN_STYLE = Automatic;
				CURRENT_PROJECT_VERSION = 1;
				GENERATE_INFOPLIST_FILE = YES;
				MACOSX_DEPLOYMENT_TARGET = 12.0;
				MARKETING_VERSION = 1.0;
				PRODUCT_BUNDLE_IDENTIFIER = "com.papanda.Tests-macOS";
				PRODUCT_NAME = "$(TARGET_NAME)";
				SDKROOT = macosx;
				SWIFT_EMIT_LOC_STRINGS = NO;
				SWIFT_VERSION = 5.0;
				TEST_TARGET_NAME = "hanzidraw (macOS)";
			};
			name = Debug;
		};
		95AF52DE2783915D00CBACFD /* Release */ = {
			isa = XCBuildConfiguration;
			buildSettings = {
				ALWAYS_EMBED_SWIFT_STANDARD_LIBRARIES = YES;
				CODE_SIGN_STYLE = Automatic;
				CURRENT_PROJECT_VERSION = 1;
				GENERATE_INFOPLIST_FILE = YES;
				MACOSX_DEPLOYMENT_TARGET = 12.0;
				MARKETING_VERSION = 1.0;
				PRODUCT_BUNDLE_IDENTIFIER = "com.papanda.Tests-macOS";
				PRODUCT_NAME = "$(TARGET_NAME)";
				SDKROOT = macosx;
				SWIFT_EMIT_LOC_STRINGS = NO;
				SWIFT_VERSION = 5.0;
				TEST_TARGET_NAME = "hanzidraw (macOS)";
			};
			name = Release;
		};
/* End XCBuildConfiguration section */

/* Begin XCConfigurationList section */
		95AF52A12783915B00CBACFD /* Build configuration list for PBXProject "hanzidraw" */ = {
			isa = XCConfigurationList;
			buildConfigurations = (
				95AF52D12783915D00CBACFD /* Debug */,
				95AF52D22783915D00CBACFD /* Release */,
			);
			defaultConfigurationIsVisible = 0;
			defaultConfigurationName = Release;
		};
		95AF52D32783915D00CBACFD /* Build configuration list for PBXNativeTarget "hanzidraw (iOS)" */ = {
			isa = XCConfigurationList;
			buildConfigurations = (
				95AF52D42783915D00CBACFD /* Debug */,
				95AF52D52783915D00CBACFD /* Release */,
			);
			defaultConfigurationIsVisible = 0;
			defaultConfigurationName = Release;
		};
		95AF52D62783915D00CBACFD /* Build configuration list for PBXNativeTarget "hanzidraw (macOS)" */ = {
			isa = XCConfigurationList;
			buildConfigurations = (
				95AF52D72783915D00CBACFD /* Debug */,
				95AF52D82783915D00CBACFD /* Release */,
			);
			defaultConfigurationIsVisible = 0;
			defaultConfigurationName = Release;
		};
		95AF52D92783915D00CBACFD /* Build configuration list for PBXNativeTarget "Tests iOS" */ = {
			isa = XCConfigurationList;
			buildConfigurations = (
				95AF52DA2783915D00CBACFD /* Debug */,
				95AF52DB2783915D00CBACFD /* Release */,
			);
			defaultConfigurationIsVisible = 0;
			defaultConfigurationName = Release;
		};
		95AF52DC2783915D00CBACFD /* Build configuration list for PBXNativeTarget "Tests macOS" */ = {
			isa = XCConfigurationList;
			buildConfigurations = (
				95AF52DD2783915D00CBACFD /* Debug */,
				95AF52DE2783915D00CBACFD /* Release */,
			);
			defaultConfigurationIsVisible = 0;
			defaultConfigurationName = Release;
		};
/* End XCConfigurationList section */

/* Begin XCRemoteSwiftPackageReference section */
		9532E2A927A9DA94007C7960 /* XCRemoteSwiftPackageReference "BottomSheet" */ = {
			isa = XCRemoteSwiftPackageReference;
			repositoryURL = "https://github.com/LucasMucGH/BottomSheet";
			requirement = {
				branch = main;
				kind = branch;
			};
		};
		9578859827E62A2900E3F559 /* XCRemoteSwiftPackageReference "ConfettiSwiftUI" */ = {
			isa = XCRemoteSwiftPackageReference;
			repositoryURL = "https://github.com/simibac/ConfettiSwiftUI.git";
			requirement = {
				kind = upToNextMajorVersion;
				minimumVersion = 0.3.1;
			};
		};
		957D252C278B162900029D6C /* XCRemoteSwiftPackageReference "SwiftUI-CachedAsyncImage" */ = {
			isa = XCRemoteSwiftPackageReference;
			repositoryURL = "https://github.com/lorenzofiamingo/SwiftUI-CachedAsyncImage";
			requirement = {
				kind = upToNextMajorVersion;
				minimumVersion = 1.0.0;
			};
		};
		957D253F2794B32100029D6C /* XCRemoteSwiftPackageReference "Alamofire" */ = {
			isa = XCRemoteSwiftPackageReference;
			repositoryURL = "https://github.com/Alamofire/Alamofire.git";
			requirement = {
				kind = upToNextMajorVersion;
				minimumVersion = 5.0.0;
			};
		};
		9581B3B027E3D5160016C25A /* XCRemoteSwiftPackageReference "purchases-ios" */ = {
			isa = XCRemoteSwiftPackageReference;
			repositoryURL = "https://github.com/RevenueCat/purchases-ios.git";
			requirement = {
				kind = upToNextMajorVersion;
				minimumVersion = 4.0.0;
			};
		};
		95ACC08227F5F8EB007F82AA /* XCRemoteSwiftPackageReference "firebase-ios-sdk" */ = {
			isa = XCRemoteSwiftPackageReference;
			repositoryURL = "https://github.com/firebase/firebase-ios-sdk";
			requirement = {
				kind = upToNextMajorVersion;
				minimumVersion = 8.0.0;
			};
		};
/* End XCRemoteSwiftPackageReference section */

/* Begin XCSwiftPackageProductDependency section */
		9532E2AA27A9DA94007C7960 /* BottomSheet */ = {
			isa = XCSwiftPackageProductDependency;
			package = 9532E2A927A9DA94007C7960 /* XCRemoteSwiftPackageReference "BottomSheet" */;
			productName = BottomSheet;
		};
		9578859927E62A2900E3F559 /* ConfettiSwiftUI */ = {
			isa = XCSwiftPackageProductDependency;
			package = 9578859827E62A2900E3F559 /* XCRemoteSwiftPackageReference "ConfettiSwiftUI" */;
			productName = ConfettiSwiftUI;
		};
		957D252D278B162900029D6C /* CachedAsyncImage */ = {
			isa = XCSwiftPackageProductDependency;
			package = 957D252C278B162900029D6C /* XCRemoteSwiftPackageReference "SwiftUI-CachedAsyncImage" */;
			productName = CachedAsyncImage;
		};
		957D25402794B32100029D6C /* Alamofire */ = {
			isa = XCSwiftPackageProductDependency;
			package = 957D253F2794B32100029D6C /* XCRemoteSwiftPackageReference "Alamofire" */;
			productName = Alamofire;
		};
		9581B3B127E3D5160016C25A /* RevenueCat */ = {
			isa = XCSwiftPackageProductDependency;
			package = 9581B3B027E3D5160016C25A /* XCRemoteSwiftPackageReference "purchases-ios" */;
			productName = RevenueCat;
		};
		95ACC08327F5F8EB007F82AA /* FirebaseAnalytics */ = {
			isa = XCSwiftPackageProductDependency;
			package = 95ACC08227F5F8EB007F82AA /* XCRemoteSwiftPackageReference "firebase-ios-sdk" */;
			productName = FirebaseAnalytics;
		};
		95ACC08527F5F8EB007F82AA /* FirebaseAnalyticsWithoutAdIdSupport */ = {
			isa = XCSwiftPackageProductDependency;
			package = 95ACC08227F5F8EB007F82AA /* XCRemoteSwiftPackageReference "firebase-ios-sdk" */;
			productName = FirebaseAnalyticsWithoutAdIdSupport;
		};
		95ACC08727F5F8EB007F82AA /* FirebaseCrashlytics */ = {
			isa = XCSwiftPackageProductDependency;
			package = 95ACC08227F5F8EB007F82AA /* XCRemoteSwiftPackageReference "firebase-ios-sdk" */;
			productName = FirebaseCrashlytics;
		};
/* End XCSwiftPackageProductDependency section */
	};
	rootObject = 95AF529E2783915B00CBACFD /* Project object */;
}
